
Microsoft Visual Studio Solution File, Format Version 12.00
# Visual Studio Version 16
VisualStudioVersion = 16.0.31019.35
MinimumVisualStudioVersion = 10.0.40219.1
Project("{FAE04EC0-301F-11D3-BF4B-00C04F79EFBC}") = "Diplomski", "Diplomski\Diplomski.csproj", "{CDE59595-AC79-48D3-B43D-5AB121BCC810}"
EndProject
Global
	GlobalSection(SolutionConfigurationPlatforms) = preSolution
		Debug|Any CPU = Debug|Any CPU
		Release|Any CPU = Release|Any CPU
	EndGlobalSection
	GlobalSection(ProjectConfigurationPlatforms) = postSolution
		{CDE59595-AC79-48D3-B43D-5AB121BCC810}.Debug|Any CPU.ActiveCfg = Debug|Any CPU
		{CDE59595-AC79-48D3-B43D-5AB121BCC810}.Debug|Any CPU.Build.0 = Debug|Any CPU
		{CDE59595-AC79-48D3-B43D-5AB121BCC810}.Release|Any CPU.ActiveCfg = Release|Any CPU
		{CDE59595-AC79-48D3-B43D-5AB121BCC810}.Release|Any CPU.Build.0 = Release|Any CPU
	EndGlobalSection
	GlobalSection(SolutionProperties) = preSolution
		HideSolutionNode = FALSE
	EndGlobalSection
	GlobalSection(ExtensibilityGlobals) = postSolution
		SolutionGuid = {9D3BED1C-C0C4-400D-B6BA-469272B0C91D}
	EndGlobalSection
EndGlobal
